// !$*UTF8*$!
{
	archiveVersion = 1;
	classes = {
	};
	objectVersion = 50;
	objects = {

/* Begin PBXBuildFile section */
		1B9BE260236B43B90000022C /* AppDelegate.m in Sources */ = {isa = PBXBuildFile; fileRef = 1B9BE25F236B43B90000022C /* AppDelegate.m */; };
		1B9BE263236B43B90000022C /* SceneDelegate.m in Sources */ = {isa = PBXBuildFile; fileRef = 1B9BE262236B43B90000022C /* SceneDelegate.m */; };
		1B9BE269236B43B90000022C /* Main.storyboard in Resources */ = {isa = PBXBuildFile; fileRef = 1B9BE267236B43B90000022C /* Main.storyboard */; };
		1B9BE26B236B43BA0000022C /* Assets.xcassets in Resources */ = {isa = PBXBuildFile; fileRef = 1B9BE26A236B43BA0000022C /* Assets.xcassets */; };
		1B9BE26E236B43BA0000022C /* LaunchScreen.storyboard in Resources */ = {isa = PBXBuildFile; fileRef = 1B9BE26C236B43BA0000022C /* LaunchScreen.storyboard */; };
		1B9BE271236B43BA0000022C /* main.m in Sources */ = {isa = PBXBuildFile; fileRef = 1B9BE270236B43BA0000022C /* main.m */; };
/* End PBXBuildFile section */

/* Begin PBXFileReference section */
		1B9BE25B236B43B90000022C /* PlanetsOBJC.app */ = {isa = PBXFileReference; explicitFileType = wrapper.application; includeInIndex = 0; path = PlanetsOBJC.app; sourceTree = BUILT_PRODUCTS_DIR; };
		1B9BE25E236B43B90000022C /* AppDelegate.h */ = {isa = PBXFileReference; lastKnownFileType = sourcecode.c.h; path = AppDelegate.h; sourceTree = "<group>"; };
		1B9BE25F236B43B90000022C /* AppDelegate.m */ = {isa = PBXFileReference; lastKnownFileType = sourcecode.c.objc; path = AppDelegate.m; sourceTree = "<group>"; };
		1B9BE261236B43B90000022C /* SceneDelegate.h */ = {isa = PBXFileReference; lastKnownFileType = sourcecode.c.h; path = SceneDelegate.h; sourceTree = "<group>"; };
		1B9BE262236B43B90000022C /* SceneDelegate.m */ = {isa = PBXFileReference; lastKnownFileType = sourcecode.c.objc; path = SceneDelegate.m; sourceTree = "<group>"; };
		1B9BE268236B43B90000022C /* Base */ = {isa = PBXFileReference; lastKnownFileType = file.storyboard; name = Base; path = Base.lproj/Main.storyboard; sourceTree = "<group>"; };
		1B9BE26A236B43BA0000022C /* Assets.xcassets */ = {isa = PBXFileReference; lastKnownFileType = folder.assetcatalog; path = Assets.xcassets; sourceTree = "<group>"; };
		1B9BE26D236B43BA0000022C /* Base */ = {isa = PBXFileReference; lastKnownFileType = file.storyboard; name = Base; path = Base.lproj/LaunchScreen.storyboard; sourceTree = "<group>"; };
		1B9BE26F236B43BA0000022C /* Info.plist */ = {isa = PBXFileReference; lastKnownFileType = text.plist.xml; path = Info.plist; sourceTree = "<group>"; };
		1B9BE270236B43BA0000022C /* main.m */ = {isa = PBXFileReference; lastKnownFileType = sourcecode.c.objc; path = main.m; sourceTree = "<group>"; };
/* End PBXFileReference section */

/* Begin PBXFrameworksBuildPhase section */
		1B9BE258236B43B90000022C /* Frameworks */ = {
			isa = PBXFrameworksBuildPhase;
			buildActionMask = 2147483647;
			files = (
			);
			runOnlyForDeploymentPostprocessing = 0;
		};
/* End PBXFrameworksBuildPhase section */

/* Begin PBXGroup section */
		1B9BE252236B43B90000022C = {
			isa = PBXGroup;
			children = (
				1B9BE25D236B43B90000022C /* PlanetsOBJC */,
				1B9BE25C236B43B90000022C /* Products */,
			);
			sourceTree = "<group>";
		};
		1B9BE25C236B43B90000022C /* Products */ = {
			isa = PBXGroup;
			children = (
				1B9BE25B236B43B90000022C /* PlanetsOBJC.app */,
			);
			name = Products;
			sourceTree = "<group>";
		};
		1B9BE25D236B43B90000022C /* PlanetsOBJC */ = {
			isa = PBXGroup;
			children = (
				1B9BE278236B44820000022C /* Storyboard */,
				1B9BE27B236B44B70000022C /* View Controllers */,
				1B9BE27A236B44B00000022C /* Model  Contrroller */,
				1B9BE279236B44A60000022C /* Model */,
				1B9BE277236B445C0000022C /* Resources */,
				1B9BE270236B43BA0000022C /* main.m */,
			);
			path = PlanetsOBJC;
			sourceTree = "<group>";
		};
		1B9BE277236B445C0000022C /* Resources */ = {
			isa = PBXGroup;
			children = (
				1B9BE25E236B43B90000022C /* AppDelegate.h */,
				1B9BE25F236B43B90000022C /* AppDelegate.m */,
				1B9BE261236B43B90000022C /* SceneDelegate.h */,
				1B9BE262236B43B90000022C /* SceneDelegate.m */,
				1B9BE26A236B43BA0000022C /* Assets.xcassets */,
				1B9BE26C236B43BA0000022C /* LaunchScreen.storyboard */,
				1B9BE26F236B43BA0000022C /* Info.plist */,
			);
			path = Resources;
			sourceTree = "<group>";
		};
		1B9BE278236B44820000022C /* Storyboard */ = {
			isa = PBXGroup;
			children = (
				1B9BE267236B43B90000022C /* Main.storyboard */,
			);
			path = Storyboard;
			sourceTree = "<group>";
		};
		1B9BE279236B44A60000022C /* Model */ = {
			isa = PBXGroup;
			children = (
			);
			path = Model;
			sourceTree = "<group>";
		};
		1B9BE27A236B44B00000022C /* Model  Contrroller */ = {
			isa = PBXGroup;
			children = (
			);
			path = "Model  Contrroller";
			sourceTree = "<group>";
		};
		1B9BE27B236B44B70000022C /* View Controllers */ = {
			isa = PBXGroup;
			children = (
			);
			path = "View Controllers";
			sourceTree = "<group>";
		};
/* End PBXGroup section */

/* Begin PBXNativeTarget section */
		1B9BE25A236B43B90000022C /* PlanetsOBJC */ = {
			isa = PBXNativeTarget;
			buildConfigurationList = 1B9BE274236B43BA0000022C /* Build configuration list for PBXNativeTarget "PlanetsOBJC" */;
			buildPhases = (
				1B9BE257236B43B90000022C /* Sources */,
				1B9BE258236B43B90000022C /* Frameworks */,
				1B9BE259236B43B90000022C /* Resources */,
			);
			buildRules = (
			);
			dependencies = (
			);
			name = PlanetsOBJC;
			productName = PlanetsOBJC;
			productReference = 1B9BE25B236B43B90000022C /* PlanetsOBJC.app */;
			productType = "com.apple.product-type.application";
		};
/* End PBXNativeTarget section */

/* Begin PBXProject section */
		1B9BE253236B43B90000022C /* Project object */ = {
			isa = PBXProject;
			attributes = {
				LastUpgradeCheck = 1110;
				ORGANIZATIONNAME = "Michael Flowers";
				TargetAttributes = {
					1B9BE25A236B43B90000022C = {
						CreatedOnToolsVersion = 11.1;
					};
				};
			};
			buildConfigurationList = 1B9BE256236B43B90000022C /* Build configuration list for PBXProject "PlanetsOBJC" */;
			compatibilityVersion = "Xcode 9.3";
			developmentRegion = en;
			hasScannedForEncodings = 0;
			knownRegions = (
				en,
				Base,
			);
			mainGroup = 1B9BE252236B43B90000022C;
			productRefGroup = 1B9BE25C236B43B90000022C /* Products */;
			projectDirPath = "";
			projectRoot = "";
			targets = (
				1B9BE25A236B43B90000022C /* PlanetsOBJC */,
			);
		};
/* End PBXProject section */

/* Begin PBXResourcesBuildPhase section */
		1B9BE259236B43B90000022C /* Resources */ = {
			isa = PBXResourcesBuildPhase;
			buildActionMask = 2147483647;
			files = (
				1B9BE26E236B43BA0000022C /* LaunchScreen.storyboard in Resources */,
				1B9BE26B236B43BA0000022C /* Assets.xcassets in Resources */,
				1B9BE269236B43B90000022C /* Main.storyboard in Resources */,
			);
			runOnlyForDeploymentPostprocessing = 0;
		};
/* End PBXResourcesBuildPhase section */

/* Begin PBXSourcesBuildPhase section */
		1B9BE257236B43B90000022C /* Sources */ = {
			isa = PBXSourcesBuildPhase;
			buildActionMask = 2147483647;
			files = (
				1B9BE260236B43B90000022C /* AppDelegate.m in Sources */,
				1B9BE271236B43BA0000022C /* main.m in Sources */,
				1B9BE263236B43B90000022C /* SceneDelegate.m in Sources */,
			);
			runOnlyForDeploymentPostprocessing = 0;
		};
/* End PBXSourcesBuildPhase section */

/* Begin PBXVariantGroup section */
		1B9BE267236B43B90000022C /* Main.storyboard */ = {
			isa = PBXVariantGroup;
			children = (
				1B9BE268236B43B90000022C /* Base */,
			);
			name = Main.storyboard;
			sourceTree = "<group>";
		};
		1B9BE26C236B43BA0000022C /* LaunchScreen.storyboard */ = {
			isa = PBXVariantGroup;
			children = (
				1B9BE26D236B43BA0000022C /* Base */,
			);
			name = LaunchScreen.storyboard;
			sourceTree = "<group>";
		};
/* End PBXVariantGroup section */

/* Begin XCBuildConfiguration section */
		1B9BE272236B43BA0000022C /* Debug */ = {
			isa = XCBuildConfiguration;
			buildSettings = {
				ALWAYS_SEARCH_USER_PATHS = NO;
				CLANG_ANALYZER_NONNULL = YES;
				CLANG_ANALYZER_NUMBER_OBJECT_CONVERSION = YES_AGGRESSIVE;
				CLANG_CXX_LANGUAGE_STANDARD = "gnu++14";
				CLANG_CXX_LIBRARY = "libc++";
				CLANG_ENABLE_MODULES = YES;
				CLANG_ENABLE_OBJC_ARC = YES;
				CLANG_ENABLE_OBJC_WEAK = YES;
				CLANG_WARN_BLOCK_CAPTURE_AUTORELEASING = YES;
				CLANG_WARN_BOOL_CONVERSION = YES;
				CLANG_WARN_COMMA = YES;
				CLANG_WARN_CONSTANT_CONVERSION = YES;
				CLANG_WARN_DEPRECATED_OBJC_IMPLEMENTATIONS = YES;
				CLANG_WARN_DIRECT_OBJC_ISA_USAGE = YES_ERROR;
				CLANG_WARN_DOCUMENTATION_COMMENTS = YES;
				CLANG_WARN_EMPTY_BODY = YES;
				CLANG_WARN_ENUM_CONVERSION = YES;
				CLANG_WARN_INFINITE_RECURSION = YES;
				CLANG_WARN_INT_CONVERSION = YES;
				CLANG_WARN_NON_LITERAL_NULL_CONVERSION = YES;
				CLANG_WARN_OBJC_IMPLICIT_RETAIN_SELF = YES;
				CLANG_WARN_OBJC_LITERAL_CONVERSION = YES;
				CLANG_WARN_OBJC_ROOT_CLASS = YES_ERROR;
				CLANG_WARN_RANGE_LOOP_ANALYSIS = YES;
				CLANG_WARN_STRICT_PROTOTYPES = YES;
				CLANG_WARN_SUSPICIOUS_MOVE = YES;
				CLANG_WARN_UNGUARDED_AVAILABILITY = YES_AGGRESSIVE;
				CLANG_WARN_UNREACHABLE_CODE = YES;
				CLANG_WARN__DUPLICATE_METHOD_MATCH = YES;
				COPY_PHASE_STRIP = NO;
				DEBUG_INFORMATION_FORMAT = dwarf;
				ENABLE_STRICT_OBJC_MSGSEND = YES;
				ENABLE_TESTABILITY = YES;
				GCC_C_LANGUAGE_STANDARD = gnu11;
				GCC_DYNAMIC_NO_PIC = NO;
				GCC_NO_COMMON_BLOCKS = YES;
				GCC_OPTIMIZATION_LEVEL = 0;
				GCC_PREPROCESSOR_DEFINITIONS = (
					"DEBUG=1",
					"$(inherited)",
				);
				GCC_WARN_64_TO_32_BIT_CONVERSION = YES;
				GCC_WARN_ABOUT_RETURN_TYPE = YES_ERROR;
				GCC_WARN_UNDECLARED_SELECTOR = YES;
				GCC_WARN_UNINITIALIZED_AUTOS = YES_AGGRESSIVE;
				GCC_WARN_UNUSED_FUNCTION = YES;
				GCC_WARN_UNUSED_VARIABLE = YES;
				IPHONEOS_DEPLOYMENT_TARGET = 13.1;
				MTL_ENABLE_DEBUG_INFO = INCLUDE_SOURCE;
				MTL_FAST_MATH = YES;
				ONLY_ACTIVE_ARCH = YES;
				SDKROOT = iphoneos;
			};
			name = Debug;
		};
		1B9BE273236B43BA0000022C /* Release */ = {
			isa = XCBuildConfiguration;
			buildSettings = {
				ALWAYS_SEARCH_USER_PATHS = NO;
				CLANG_ANALYZER_NONNULL = YES;
				CLANG_ANALYZER_NUMBER_OBJECT_CONVERSION = YES_AGGRESSIVE;
				CLANG_CXX_LANGUAGE_STANDARD = "gnu++14";
				CLANG_CXX_LIBRARY = "libc++";
				CLANG_ENABLE_MODULES = YES;
				CLANG_ENABLE_OBJC_ARC = YES;
				CLANG_ENABLE_OBJC_WEAK = YES;
				CLANG_WARN_BLOCK_CAPTURE_AUTORELEASING = YES;
				CLANG_WARN_BOOL_CONVERSION = YES;
				CLANG_WARN_COMMA = YES;
				CLANG_WARN_CONSTANT_CONVERSION = YES;
				CLANG_WARN_DEPRECATED_OBJC_IMPLEMENTATIONS = YES;
				CLANG_WARN_DIRECT_OBJC_ISA_USAGE = YES_ERROR;
				CLANG_WARN_DOCUMENTATION_COMMENTS = YES;
				CLANG_WARN_EMPTY_BODY = YES;
				CLANG_WARN_ENUM_CONVERSION = YES;
				CLANG_WARN_INFINITE_RECURSION = YES;
				CLANG_WARN_INT_CONVERSION = YES;
				CLANG_WARN_NON_LITERAL_NULL_CONVERSION = YES;
				CLANG_WARN_OBJC_IMPLICIT_RETAIN_SELF = YES;
				CLANG_WARN_OBJC_LITERAL_CONVERSION = YES;
				CLANG_WARN_OBJC_ROOT_CLASS = YES_ERROR;
				CLANG_WARN_RANGE_LOOP_ANALYSIS = YES;
				CLANG_WARN_STRICT_PROTOTYPES = YES;
				CLANG_WARN_SUSPICIOUS_MOVE = YES;
				CLANG_WARN_UNGUARDED_AVAILABILITY = YES_AGGRESSIVE;
				CLANG_WARN_UNREACHABLE_CODE = YES;
				CLANG_WARN__DUPLICATE_METHOD_MATCH = YES;
				COPY_PHASE_STRIP = NO;
				DEBUG_INFORMATION_FORMAT = "dwarf-with-dsym";
				ENABLE_NS_ASSERTIONS = NO;
				ENABLE_STRICT_OBJC_MSGSEND = YES;
				GCC_C_LANGUAGE_STANDARD = gnu11;
				GCC_NO_COMMON_BLOCKS = YES;
				GCC_WARN_64_TO_32_BIT_CONVERSION = YES;
				GCC_WARN_ABOUT_RETURN_TYPE = YES_ERROR;
				GCC_WARN_UNDECLARED_SELECTOR = YES;
				GCC_WARN_UNINITIALIZED_AUTOS = YES_AGGRESSIVE;
				GCC_WARN_UNUSED_FUNCTION = YES;
				GCC_WARN_UNUSED_VARIABLE = YES;
				IPHONEOS_DEPLOYMENT_TARGET = 13.1;
				MTL_ENABLE_DEBUG_INFO = NO;
				MTL_FAST_MATH = YES;
				SDKROOT = iphoneos;
				VALIDATE_PRODUCT = YES;
			};
			name = Release;
		};
		1B9BE275236B43BA0000022C /* Debug */ = {
			isa = XCBuildConfiguration;
			buildSettings = {
				ASSETCATALOG_COMPILER_APPICON_NAME = AppIcon;
				CODE_SIGN_STYLE = Automatic;
				DEVELOPMENT_TEAM = X4W7EQ4E4R;
				INFOPLIST_FILE = "$(SRCROOT)/PlanetsOBJC/Resources/Info.plist";
				LD_RUNPATH_SEARCH_PATHS = (
					"$(inherited)",
					"@executable_path/Frameworks",
				);
				PRODUCT_BUNDLE_IDENTIFIER = flowers.PlanetsOBJC;
				PRODUCT_NAME = "$(TARGET_NAME)";
				TARGETED_DEVICE_FAMILY = "1,2";
			};
			name = Debug;
		};
		1B9BE276236B43BA0000022C /* Release */ = {
			isa = XCBuildConfiguration;
			buildSettings = {
				ASSETCATALOG_COMPILER_APPICON_NAME = AppIcon;
				CODE_SIGN_STYLE = Automatic;
				DEVELOPMENT_TEAM = X4W7EQ4E4R;
				INFOPLIST_FILE = "$(SRCROOT)/PlanetsOBJC/Resources/Info.plist";
				LD_RUNPATH_SEARCH_PATHS = (
					"$(inherited)",
					"@executable_path/Frameworks",
				);
				PRODUCT_BUNDLE_IDENTIFIER = flowers.PlanetsOBJC;
				PRODUCT_NAME = "$(TARGET_NAME)";
				TARGETED_DEVICE_FAMILY = "1,2";
			};
			name = Release;
		};
/* End XCBuildConfiguration section */

/* Begin XCConfigurationList section */
		1B9BE256236B43B90000022C /* Build configuration list for PBXProject "PlanetsOBJC" */ = {
			isa = XCConfigurationList;
			buildConfigurations = (
				1B9BE272236B43BA0000022C /* Debug */,
				1B9BE273236B43BA0000022C /* Release */,
			);
			defaultConfigurationIsVisible = 0;
			defaultConfigurationName = Release;
		};
		1B9BE274236B43BA0000022C /* Build configuration list for PBXNativeTarget "PlanetsOBJC" */ = {
			isa = XCConfigurationList;
			buildConfigurations = (
				1B9BE275236B43BA0000022C /* Debug */,
				1B9BE276236B43BA0000022C /* Release */,
			);
			defaultConfigurationIsVisible = 0;
			defaultConfigurationName = Release;
		};
/* End XCConfigurationList section */
	};
	rootObject = 1B9BE253236B43B90000022C /* Project object */;
}
